{
  "version": 4,
  "terraform_version": "1.8.5",
  "serial": 69,
  "lineage": "253d56cd-ab16-79da-5cbf-486349637bec",
  "outputs": {
    "ecs_cluster_id": {
      "value": "arn:aws:ecs:us-east-1:851725314367:cluster/demo-cluster",
      "type": "string"
    },
    "ecs_service_name": {
      "value": "demo-service",
      "type": "string"
    },
    "efs_access_point_id": {
      "value": "fsap-02d000e0b5c685231",
      "type": "string"
    },
    "efs_file_system_id": {
      "value": "fs-03b24066c0d89a72f",
      "type": "string"
    }
  },
  "resources": [
    {
      "mode": "data",
      "type": "aws_iam_policy_document",
      "name": "ecr_access",
      "provider": "provider[\"registry.terraform.io/hashicorp/aws\"]",
      "instances": [
        {
          "schema_version": 0,
          "attributes": {
            "id": "60739075",
            "json": "{\n  \"Version\": \"2012-10-17\",\n  \"Statement\": [\n    {\n      \"Effect\": \"Allow\",\n      \"Action\": [\n        \"ecr:ListImages\",\n        \"ecr:GetDownloadUrlForLayer\",\n        \"ecr:GetAuthorizationToken\",\n        \"ecr:BatchGetImage\",\n        \"ecr:BatchCheckLayerAvailability\"\n      ],\n      \"Resource\": \"*\"\n    }\n  ]\n}",
            "minified_json": "{\"Version\":\"2012-10-17\",\"Statement\":[{\"Effect\":\"Allow\",\"Action\":[\"ecr:ListImages\",\"ecr:GetDownloadUrlForLayer\",\"ecr:GetAuthorizationToken\",\"ecr:BatchGetImage\",\"ecr:BatchCheckLayerAvailability\"],\"Resource\":\"*\"}]}",
            "override_json": null,
            "override_policy_documents": null,
            "policy_id": null,
            "source_json": null,
            "source_policy_documents": null,
            "statement": [
              {
                "actions": [
                  "ecr:BatchCheckLayerAvailability",
                  "ecr:BatchGetImage",
                  "ecr:GetAuthorizationToken",
                  "ecr:GetDownloadUrlForLayer",
                  "ecr:ListImages"
                ],
                "condition": [],
                "effect": "Allow",
                "not_actions": [],
                "not_principals": [],
                "not_resources": [],
                "principals": [],
                "resources": [
                  "*"
                ],
                "sid": ""
              }
            ],
            "version": "2012-10-17"
          },
          "sensitive_attributes": []
        }
      ]
    },
    {
      "mode": "managed",
      "type": "aws_cloudwatch_log_group",
      "name": "ecs_demo_service",
      "provider": "provider[\"registry.terraform.io/hashicorp/aws\"]",
      "instances": [
        {
          "schema_version": 0,
          "attributes": {
            "arn": "arn:aws:logs:us-east-1:851725314367:log-group:/ecs/demo-service",
            "id": "/ecs/demo-service",
            "kms_key_id": "",
            "log_group_class": "STANDARD",
            "name": "/ecs/demo-service",
            "name_prefix": "",
            "retention_in_days": 7,
            "skip_destroy": false,
            "tags": {},
            "tags_all": {}
          },
          "sensitive_attributes": [],
          "private": "bnVsbA=="
        }
      ]
    },
    {
      "mode": "managed",
      "type": "aws_ecs_cluster",
      "name": "cluster",
      "provider": "provider[\"registry.terraform.io/hashicorp/aws\"]",
      "instances": [
        {
          "schema_version": 0,
          "attributes": {
            "arn": "arn:aws:ecs:us-east-1:851725314367:cluster/demo-cluster",
            "configuration": [],
            "id": "arn:aws:ecs:us-east-1:851725314367:cluster/demo-cluster",
            "name": "demo-cluster",
            "service_connect_defaults": [],
            "setting": [
              {
                "name": "containerInsights",
                "value": "disabled"
              }
            ],
            "tags": {},
            "tags_all": {}
          },
          "sensitive_attributes": [],
          "private": "bnVsbA=="
        }
      ]
    },
    {
      "mode": "managed",
      "type": "aws_ecs_service",
      "name": "service",
      "provider": "provider[\"registry.terraform.io/hashicorp/aws\"]",
      "instances": [
        {
          "schema_version": 1,
          "attributes": {
            "alarms": [],
            "capacity_provider_strategy": [],
            "cluster": "arn:aws:ecs:us-east-1:851725314367:cluster/demo-cluster",
            "deployment_circuit_breaker": [
              {
                "enable": false,
                "rollback": false
              }
            ],
            "deployment_controller": [
              {
                "type": "ECS"
              }
            ],
            "deployment_maximum_percent": 200,
            "deployment_minimum_healthy_percent": 100,
            "desired_count": 1,
            "enable_ecs_managed_tags": false,
            "enable_execute_command": false,
            "force_delete": null,
            "force_new_deployment": null,
            "health_check_grace_period_seconds": 0,
            "iam_role": "/aws-service-role/ecs.amazonaws.com/AWSServiceRoleForECS",
            "id": "arn:aws:ecs:us-east-1:851725314367:service/demo-cluster/demo-service",
            "launch_type": "FARGATE",
            "load_balancer": [],
            "name": "demo-service",
            "network_configuration": [
              {
                "assign_public_ip": true,
                "security_groups": [
                  "sg-074005c83ba3c9aba",
                  "sg-0f20ed324fd0129f2"
                ],
                "subnets": [
                  "subnet-03118e6d5ac0548de",
                  "subnet-04303f32b91d48a18",
                  "subnet-091ac92296de7cc26",
                  "subnet-09d62df52b8b1a3d5",
                  "subnet-0b0d1b6f4b2292988",
                  "subnet-0c1bc3fba7bfa5a6d"
                ]
              }
            ],
            "ordered_placement_strategy": [],
            "placement_constraints": [],
            "platform_version": "LATEST",
            "propagate_tags": "NONE",
            "scheduling_strategy": "REPLICA",
            "service_connect_configuration": [],
            "service_registries": [],
            "tags": {},
            "tags_all": {},
            "task_definition": "arn:aws:ecs:us-east-1:851725314367:task-definition/demo-task:10",
            "timeouts": null,
            "triggers": {},
            "volume_configuration": [],
            "wait_for_steady_state": false
          },
          "sensitive_attributes": [],
          "private": "eyJlMmJmYjczMC1lY2FhLTExZTYtOGY4OC0zNDM2M2JjN2M0YzAiOnsiY3JlYXRlIjoxMjAwMDAwMDAwMDAwLCJkZWxldGUiOjEyMDAwMDAwMDAwMDAsInVwZGF0ZSI6MTIwMDAwMDAwMDAwMH0sInNjaGVtYV92ZXJzaW9uIjoiMSJ9",
          "dependencies": [
            "aws_ecs_cluster.cluster",
            "aws_ecs_task_definition.task",
            "aws_efs_access_point.otel_config_ap",
            "aws_efs_file_system.otel_config_fs",
            "aws_iam_role.ecs_task_execution_role",
            "aws_security_group.ecs_service",
            "aws_security_group.efs_sg"
          ]
        }
      ]
    },
    {
      "mode": "managed",
      "type": "aws_ecs_task_definition",
      "name": "task",
      "provider": "provider[\"registry.terraform.io/hashicorp/aws\"]",
      "instances": [
        {
          "schema_version": 1,
          "attributes": {
            "arn": "arn:aws:ecs:us-east-1:851725314367:task-definition/demo-task:10",
            "arn_without_revision": "arn:aws:ecs:us-east-1:851725314367:task-definition/demo-task",
            "container_definitions": "[{\"dependsOn\":[{\"condition\":\"START\",\"containerName\":\"otel-collector\"}],\"environment\":[{\"name\":\"OTEL_EXPORTER_OTLP_ENDPOINT\",\"value\":\"http://localhost:4317\"}],\"essential\":true,\"image\":\"851725314367.dkr.ecr.us-east-1.amazonaws.com/telemetry-springboot:latest\",\"logConfiguration\":{\"logDriver\":\"awslogs\",\"options\":{\"awslogs-group\":\"/ecs/demo-service\",\"awslogs-region\":\"us-east-1\",\"awslogs-stream-prefix\":\"demo-app\"}},\"mountPoints\":[],\"name\":\"demo-app\",\"portMappings\":[{\"containerPort\":8080,\"hostPort\":8080,\"protocol\":\"tcp\"}],\"systemControls\":[],\"volumesFrom\":[]},{\"command\":[\"--config=/etc/otel-collector-config/otel-collector-config.yaml\",\"--feature-gates=-component.UseLocalHostAsDefaultHost\"],\"environment\":[],\"essential\":true,\"image\":\"public.ecr.aws/aws-observability/aws-otel-collector\",\"logConfiguration\":{\"logDriver\":\"awslogs\",\"options\":{\"awslogs-group\":\"/ecs/demo-service\",\"awslogs-region\":\"us-east-1\",\"awslogs-stream-prefix\":\"otel-collector\"}},\"mountPoints\":[{\"containerPath\":\"/etc/otel-collector-config\",\"readOnly\":true,\"sourceVolume\":\"otel-config\"}],\"name\":\"otel-collector\",\"portMappings\":[{\"containerPort\":4317,\"hostPort\":4317,\"protocol\":\"tcp\"}],\"systemControls\":[],\"volumesFrom\":[]}]",
            "cpu": "256",
            "ephemeral_storage": [],
            "execution_role_arn": "arn:aws:iam::851725314367:role/ecsTaskExecutionRole",
            "family": "demo-task",
            "id": "demo-task",
            "inference_accelerator": [],
            "ipc_mode": "",
            "memory": "512",
            "network_mode": "awsvpc",
            "pid_mode": "",
            "placement_constraints": [],
            "proxy_configuration": [],
            "requires_compatibilities": [
              "FARGATE"
            ],
            "revision": 10,
            "runtime_platform": [],
            "skip_destroy": false,
            "tags": null,
            "tags_all": {},
            "task_role_arn": "",
            "track_latest": false,
            "volume": [
              {
                "configure_at_launch": false,
                "docker_volume_configuration": [],
                "efs_volume_configuration": [
                  {
                    "authorization_config": [
                      {
                        "access_point_id": "fsap-02d000e0b5c685231",
                        "iam": ""
                      }
                    ],
                    "file_system_id": "fs-03b24066c0d89a72f",
                    "root_directory": "/",
                    "transit_encryption": "ENABLED",
                    "transit_encryption_port": 0
                  }
                ],
                "fsx_windows_file_server_volume_configuration": [],
                "host_path": "",
                "name": "otel-config"
              }
            ]
          },
          "sensitive_attributes": [],
          "private": "eyJzY2hlbWFfdmVyc2lvbiI6IjEifQ==",
          "dependencies": [
            "aws_efs_access_point.otel_config_ap",
            "aws_efs_file_system.otel_config_fs",
            "aws_iam_role.ecs_task_execution_role"
          ]
        }
      ]
    },
    {
      "mode": "managed",
      "type": "aws_efs_access_point",
      "name": "otel_config_ap",
      "provider": "provider[\"registry.terraform.io/hashicorp/aws\"]",
      "instances": [
        {
          "schema_version": 0,
          "attributes": {
            "arn": "arn:aws:elasticfilesystem:us-east-1:851725314367:access-point/fsap-02d000e0b5c685231",
            "file_system_arn": "arn:aws:elasticfilesystem:us-east-1:851725314367:file-system/fs-03b24066c0d89a72f",
            "file_system_id": "fs-03b24066c0d89a72f",
            "id": "fsap-02d000e0b5c685231",
            "owner_id": "851725314367",
            "posix_user": [
              {
                "gid": 1000,
                "secondary_gids": [],
                "uid": 1000
              }
            ],
            "root_directory": [
              {
                "creation_info": [
                  {
                    "owner_gid": 1000,
                    "owner_uid": 1000,
                    "permissions": "755"
                  }
                ],
                "path": "/otel-config"
              }
            ],
            "tags": {},
            "tags_all": {}
          },
          "sensitive_attributes": [],
          "private": "bnVsbA==",
          "dependencies": [
            "aws_efs_file_system.otel_config_fs"
          ]
        }
      ]
    },
    {
      "mode": "managed",
      "type": "aws_efs_file_system",
      "name": "otel_config_fs",
      "provider": "provider[\"registry.terraform.io/hashicorp/aws\"]",
      "instances": [
        {
          "schema_version": 0,
          "attributes": {
            "arn": "arn:aws:elasticfilesystem:us-east-1:851725314367:file-system/fs-03b24066c0d89a72f",
            "availability_zone_id": "",
            "availability_zone_name": "",
            "creation_token": "terraform-20241118152234587600000001",
            "dns_name": "fs-03b24066c0d89a72f.efs.us-east-1.amazonaws.com",
            "encrypted": false,
            "id": "fs-03b24066c0d89a72f",
            "kms_key_id": "",
            "lifecycle_policy": [
              {
                "transition_to_archive": "",
                "transition_to_ia": "AFTER_14_DAYS",
                "transition_to_primary_storage_class": ""
              }
            ],
            "name": "",
            "number_of_mount_targets": 6,
            "owner_id": "851725314367",
            "performance_mode": "generalPurpose",
            "protection": [
              {
                "replication_overwrite": "ENABLED"
              }
            ],
            "provisioned_throughput_in_mibps": 0,
            "size_in_bytes": [
              {
                "value": 18432,
                "value_in_ia": 0,
                "value_in_standard": 18432
              }
            ],
            "tags": {},
            "tags_all": {},
            "throughput_mode": "bursting"
          },
          "sensitive_attributes": [],
          "private": "bnVsbA=="
        }
      ]
    },
    {
      "mode": "managed",
      "type": "aws_efs_mount_target",
      "name": "otel_config_mt",
      "provider": "provider[\"registry.terraform.io/hashicorp/aws\"]",
      "instances": [
        {
          "index_key": "subnet-03118e6d5ac0548de",
          "schema_version": 0,
          "attributes": {
            "availability_zone_id": "use1-az3",
            "availability_zone_name": "us-east-1e",
            "dns_name": "fs-03b24066c0d89a72f.efs.us-east-1.amazonaws.com",
            "file_system_arn": "arn:aws:elasticfilesystem:us-east-1:851725314367:file-system/fs-03b24066c0d89a72f",
            "file_system_id": "fs-03b24066c0d89a72f",
            "id": "fsmt-05cee260e0440b0f7",
            "ip_address": "172.31.57.112",
            "mount_target_dns_name": "us-east-1e.fs-03b24066c0d89a72f.efs.us-east-1.amazonaws.com",
            "network_interface_id": "eni-0bf6d851a0bb1190f",
            "owner_id": "851725314367",
            "security_groups": [
              "sg-074005c83ba3c9aba"
            ],
            "subnet_id": "subnet-03118e6d5ac0548de",
            "timeouts": null
          },
          "sensitive_attributes": [],
          "private": "eyJlMmJmYjczMC1lY2FhLTExZTYtOGY4OC0zNDM2M2JjN2M0YzAiOnsiY3JlYXRlIjoxODAwMDAwMDAwMDAwLCJkZWxldGUiOjYwMDAwMDAwMDAwMH19",
          "dependencies": [
            "aws_efs_file_system.otel_config_fs",
            "aws_security_group.ecs_service",
            "aws_security_group.efs_sg"
          ]
        },
        {
          "index_key": "subnet-04303f32b91d48a18",
          "schema_version": 0,
          "attributes": {
            "availability_zone_id": "use1-az5",
            "availability_zone_name": "us-east-1f",
            "dns_name": "fs-03b24066c0d89a72f.efs.us-east-1.amazonaws.com",
            "file_system_arn": "arn:aws:elasticfilesystem:us-east-1:851725314367:file-system/fs-03b24066c0d89a72f",
            "file_system_id": "fs-03b24066c0d89a72f",
            "id": "fsmt-007fcb7c6541590cd",
            "ip_address": "172.31.79.214",
            "mount_target_dns_name": "us-east-1f.fs-03b24066c0d89a72f.efs.us-east-1.amazonaws.com",
            "network_interface_id": "eni-06db80171d55453d7",
            "owner_id": "851725314367",
            "security_groups": [
              "sg-074005c83ba3c9aba"
            ],
            "subnet_id": "subnet-04303f32b91d48a18",
            "timeouts": null
          },
          "sensitive_attributes": [],
          "private": "eyJlMmJmYjczMC1lY2FhLTExZTYtOGY4OC0zNDM2M2JjN2M0YzAiOnsiY3JlYXRlIjoxODAwMDAwMDAwMDAwLCJkZWxldGUiOjYwMDAwMDAwMDAwMH19",
          "dependencies": [
            "aws_efs_file_system.otel_config_fs",
            "aws_security_group.ecs_service",
            "aws_security_group.efs_sg"
          ]
        },
        {
          "index_key": "subnet-091ac92296de7cc26",
          "schema_version": 0,
          "attributes": {
            "availability_zone_id": "use1-az1",
            "availability_zone_name": "us-east-1d",
            "dns_name": "fs-03b24066c0d89a72f.efs.us-east-1.amazonaws.com",
            "file_system_arn": "arn:aws:elasticfilesystem:us-east-1:851725314367:file-system/fs-03b24066c0d89a72f",
            "file_system_id": "fs-03b24066c0d89a72f",
            "id": "fsmt-08e0faa1045c02e80",
            "ip_address": "172.31.6.165",
            "mount_target_dns_name": "us-east-1d.fs-03b24066c0d89a72f.efs.us-east-1.amazonaws.com",
            "network_interface_id": "eni-0f0b0c1e224beb49f",
            "owner_id": "851725314367",
            "security_groups": [
              "sg-074005c83ba3c9aba"
            ],
            "subnet_id": "subnet-091ac92296de7cc26",
            "timeouts": null
          },
          "sensitive_attributes": [],
          "private": "eyJlMmJmYjczMC1lY2FhLTExZTYtOGY4OC0zNDM2M2JjN2M0YzAiOnsiY3JlYXRlIjoxODAwMDAwMDAwMDAwLCJkZWxldGUiOjYwMDAwMDAwMDAwMH19",
          "dependencies": [
            "aws_efs_file_system.otel_config_fs",
            "aws_security_group.ecs_service",
            "aws_security_group.efs_sg"
          ]
        },
        {
          "index_key": "subnet-09d62df52b8b1a3d5",
          "schema_version": 0,
          "attributes": {
            "availability_zone_id": "use1-az6",
            "availability_zone_name": "us-east-1c",
            "dns_name": "fs-03b24066c0d89a72f.efs.us-east-1.amazonaws.com",
            "file_system_arn": "arn:aws:elasticfilesystem:us-east-1:851725314367:file-system/fs-03b24066c0d89a72f",
            "file_system_id": "fs-03b24066c0d89a72f",
            "id": "fsmt-0edc3bc919b723d99",
            "ip_address": "172.31.45.220",
            "mount_target_dns_name": "us-east-1c.fs-03b24066c0d89a72f.efs.us-east-1.amazonaws.com",
            "network_interface_id": "eni-0d7e12308e5834bf8",
            "owner_id": "851725314367",
            "security_groups": [
              "sg-074005c83ba3c9aba"
            ],
            "subnet_id": "subnet-09d62df52b8b1a3d5",
            "timeouts": null
          },
          "sensitive_attributes": [],
          "private": "eyJlMmJmYjczMC1lY2FhLTExZTYtOGY4OC0zNDM2M2JjN2M0YzAiOnsiY3JlYXRlIjoxODAwMDAwMDAwMDAwLCJkZWxldGUiOjYwMDAwMDAwMDAwMH19",
          "dependencies": [
            "aws_efs_file_system.otel_config_fs",
            "aws_security_group.ecs_service",
            "aws_security_group.efs_sg"
          ]
        },
        {
          "index_key": "subnet-0b0d1b6f4b2292988",
          "schema_version": 0,
          "attributes": {
            "availability_zone_id": "use1-az2",
            "availability_zone_name": "us-east-1a",
            "dns_name": "fs-03b24066c0d89a72f.efs.us-east-1.amazonaws.com",
            "file_system_arn": "arn:aws:elasticfilesystem:us-east-1:851725314367:file-system/fs-03b24066c0d89a72f",
            "file_system_id": "fs-03b24066c0d89a72f",
            "id": "fsmt-0350ddb56efc61804",
            "ip_address": "172.31.92.33",
            "mount_target_dns_name": "us-east-1a.fs-03b24066c0d89a72f.efs.us-east-1.amazonaws.com",
            "network_interface_id": "eni-066ab80af2ef9af61",
            "owner_id": "851725314367",
            "security_groups": [
              "sg-074005c83ba3c9aba"
            ],
            "subnet_id": "subnet-0b0d1b6f4b2292988",
            "timeouts": null
          },
          "sensitive_attributes": [],
          "private": "eyJlMmJmYjczMC1lY2FhLTExZTYtOGY4OC0zNDM2M2JjN2M0YzAiOnsiY3JlYXRlIjoxODAwMDAwMDAwMDAwLCJkZWxldGUiOjYwMDAwMDAwMDAwMH19",
          "dependencies": [
            "aws_efs_file_system.otel_config_fs",
            "aws_security_group.ecs_service",
            "aws_security_group.efs_sg"
          ]
        },
        {
          "index_key": "subnet-0c1bc3fba7bfa5a6d",
          "schema_version": 0,
          "attributes": {
            "availability_zone_id": "use1-az4",
            "availability_zone_name": "us-east-1b",
            "dns_name": "fs-03b24066c0d89a72f.efs.us-east-1.amazonaws.com",
            "file_system_arn": "arn:aws:elasticfilesystem:us-east-1:851725314367:file-system/fs-03b24066c0d89a72f",
            "file_system_id": "fs-03b24066c0d89a72f",
            "id": "fsmt-069d3e6a2815cd670",
            "ip_address": "172.31.24.172",
            "mount_target_dns_name": "us-east-1b.fs-03b24066c0d89a72f.efs.us-east-1.amazonaws.com",
            "network_interface_id": "eni-0ce5599c8304b0239",
            "owner_id": "851725314367",
            "security_groups": [
              "sg-074005c83ba3c9aba"
            ],
            "subnet_id": "subnet-0c1bc3fba7bfa5a6d",
            "timeouts": null
          },
          "sensitive_attributes": [],
          "private": "eyJlMmJmYjczMC1lY2FhLTExZTYtOGY4OC0zNDM2M2JjN2M0YzAiOnsiY3JlYXRlIjoxODAwMDAwMDAwMDAwLCJkZWxldGUiOjYwMDAwMDAwMDAwMH19",
          "dependencies": [
            "aws_efs_file_system.otel_config_fs",
            "aws_security_group.ecs_service",
            "aws_security_group.efs_sg"
          ]
        }
      ]
    },
    {
      "mode": "managed",
      "type": "aws_iam_policy",
      "name": "ecr_access_policy",
      "provider": "provider[\"registry.terraform.io/hashicorp/aws\"]",
      "instances": [
        {
          "schema_version": 0,
          "attributes": {
            "arn": "arn:aws:iam::851725314367:policy/ECS-ECR-Access-Policy",
            "attachment_count": 1,
            "description": "",
            "id": "arn:aws:iam::851725314367:policy/ECS-ECR-Access-Policy",
            "name": "ECS-ECR-Access-Policy",
            "name_prefix": "",
            "path": "/",
            "policy": "{\"Statement\":[{\"Action\":[\"ecr:ListImages\",\"ecr:GetDownloadUrlForLayer\",\"ecr:GetAuthorizationToken\",\"ecr:BatchGetImage\",\"ecr:BatchCheckLayerAvailability\"],\"Effect\":\"Allow\",\"Resource\":\"*\"}],\"Version\":\"2012-10-17\"}",
            "policy_id": "ANPA4MTWI5E7ZGP7VGGH3",
            "tags": {},
            "tags_all": {}
          },
          "sensitive_attributes": [],
          "private": "bnVsbA==",
          "dependencies": [
            "data.aws_iam_policy_document.ecr_access"
          ]
        }
      ]
    },
    {
      "mode": "managed",
      "type": "aws_iam_policy",
      "name": "ecs_task_execution_role_extra_policy",
      "provider": "provider[\"registry.terraform.io/hashicorp/aws\"]",
      "instances": [
        {
          "schema_version": 0,
          "attributes": {
            "arn": "arn:aws:iam::851725314367:policy/ecs-task-execution-extra-policy",
            "attachment_count": 1,
            "description": "",
            "id": "arn:aws:iam::851725314367:policy/ecs-task-execution-extra-policy",
            "name": "ecs-task-execution-extra-policy",
            "name_prefix": "",
            "path": "/",
            "policy": "{\"Statement\":[{\"Action\":[\"logs:CreateLogGroup\",\"logs:CreateLogStream\",\"logs:PutLogEvents\"],\"Effect\":\"Allow\",\"Resource\":\"*\"}],\"Version\":\"2012-10-17\"}",
            "policy_id": "ANPA4MTWI5E77FTP7WYXC",
            "tags": {},
            "tags_all": {}
          },
          "sensitive_attributes": [],
          "private": "bnVsbA=="
        }
      ]
    },
    {
      "mode": "managed",
      "type": "aws_iam_role",
      "name": "ecs_task_execution_role",
      "provider": "provider[\"registry.terraform.io/hashicorp/aws\"]",
      "instances": [
        {
          "schema_version": 0,
          "attributes": {
            "arn": "arn:aws:iam::851725314367:role/ecsTaskExecutionRole",
            "assume_role_policy": "{\"Statement\":[{\"Action\":\"sts:AssumeRole\",\"Effect\":\"Allow\",\"Principal\":{\"Service\":\"ecs-tasks.amazonaws.com\"}}],\"Version\":\"2012-10-17\"}",
            "create_date": "2024-11-18T15:22:35Z",
            "description": "",
            "force_detach_policies": false,
            "id": "ecsTaskExecutionRole",
            "inline_policy": [],
            "managed_policy_arns": [
              "arn:aws:iam::851725314367:policy/ECS-ECR-Access-Policy",
              "arn:aws:iam::851725314367:policy/ecs-task-execution-extra-policy",
              "arn:aws:iam::aws:policy/AmazonEC2ContainerRegistryReadOnly",
              "arn:aws:iam::aws:policy/AmazonElasticFileSystemClientReadWriteAccess",
              "arn:aws:iam::aws:policy/service-role/AmazonECSTaskExecutionRolePolicy"
            ],
            "max_session_duration": 3600,
            "name": "ecsTaskExecutionRole",
            "name_prefix": "",
            "path": "/",
            "permissions_boundary": "",
            "tags": {},
            "tags_all": {},
            "unique_id": "AROA4MTWI5E7V22775EPE"
          },
          "sensitive_attributes": [],
          "private": "bnVsbA=="
        }
      ]
    },
    {
      "mode": "managed",
      "type": "aws_iam_role_policy_attachment",
      "name": "ecr_access_attachment",
      "provider": "provider[\"registry.terraform.io/hashicorp/aws\"]",
      "instances": [
        {
          "schema_version": 0,
          "attributes": {
            "id": "ecsTaskExecutionRole-20241118152235610400000002",
            "policy_arn": "arn:aws:iam::851725314367:policy/ECS-ECR-Access-Policy",
            "role": "ecsTaskExecutionRole"
          },
          "sensitive_attributes": [],
          "private": "bnVsbA==",
          "dependencies": [
            "aws_iam_policy.ecr_access_policy",
            "aws_iam_role.ecs_task_execution_role",
            "data.aws_iam_policy_document.ecr_access"
          ]
        }
      ]
    },
    {
      "mode": "managed",
      "type": "aws_iam_role_policy_attachment",
      "name": "ecr_public_read_only",
      "provider": "provider[\"registry.terraform.io/hashicorp/aws\"]",
      "instances": [
        {
          "schema_version": 0,
          "attributes": {
            "id": "ecsTaskExecutionRole-20241118160229764500000001",
            "policy_arn": "arn:aws:iam::aws:policy/AmazonEC2ContainerRegistryReadOnly",
            "role": "ecsTaskExecutionRole"
          },
          "sensitive_attributes": [],
          "private": "bnVsbA==",
          "dependencies": [
            "aws_iam_role.ecs_task_execution_role"
          ]
        }
      ]
    },
    {
      "mode": "managed",
      "type": "aws_iam_role_policy_attachment",
      "name": "ecs_task_execution_role_extra_policy_attachment",
      "provider": "provider[\"registry.terraform.io/hashicorp/aws\"]",
      "instances": [
        {
          "schema_version": 0,
          "attributes": {
            "id": "ecsTaskExecutionRole-20241118162910916300000001",
            "policy_arn": "arn:aws:iam::851725314367:policy/ecs-task-execution-extra-policy",
            "role": "ecsTaskExecutionRole"
          },
          "sensitive_attributes": [],
          "private": "bnVsbA==",
          "dependencies": [
            "aws_iam_policy.ecs_task_execution_role_extra_policy",
            "aws_iam_role.ecs_task_execution_role"
          ]
        }
      ]
    },
    {
      "mode": "managed",
      "type": "aws_iam_role_policy_attachment",
      "name": "ecs_task_execution_role_policy",
      "provider": "provider[\"registry.terraform.io/hashicorp/aws\"]",
      "instances": [
        {
          "schema_version": 0,
          "attributes": {
            "id": "ecsTaskExecutionRole-20241118152235671700000003",
            "policy_arn": "arn:aws:iam::aws:policy/service-role/AmazonECSTaskExecutionRolePolicy",
            "role": "ecsTaskExecutionRole"
          },
          "sensitive_attributes": [],
          "private": "bnVsbA==",
          "dependencies": [
            "aws_iam_role.ecs_task_execution_role"
          ]
        }
      ]
    },
    {
      "mode": "managed",
      "type": "aws_iam_role_policy_attachment",
      "name": "efs_access",
      "provider": "provider[\"registry.terraform.io/hashicorp/aws\"]",
      "instances": [
        {
          "schema_version": 0,
          "attributes": {
            "id": "ecsTaskExecutionRole-20241118214051715500000001",
            "policy_arn": "arn:aws:iam::aws:policy/AmazonElasticFileSystemClientReadWriteAccess",
            "role": "ecsTaskExecutionRole"
          },
          "sensitive_attributes": [],
          "private": "bnVsbA==",
          "dependencies": [
            "aws_iam_role.ecs_task_execution_role"
          ]
        }
      ]
    },
    {
      "mode": "managed",
      "type": "aws_security_group",
      "name": "ecs_service",
      "provider": "provider[\"registry.terraform.io/hashicorp/aws\"]",
      "instances": [
        {
          "schema_version": 1,
          "attributes": {
            "arn": "arn:aws:ec2:us-east-1:851725314367:security-group/sg-0f20ed324fd0129f2",
            "description": "Allow inbound traffic",
            "egress": [
              {
                "cidr_blocks": [
                  "0.0.0.0/0"
                ],
                "description": "",
                "from_port": 0,
                "ipv6_cidr_blocks": [],
                "prefix_list_ids": [],
                "protocol": "-1",
                "security_groups": [],
                "self": false,
                "to_port": 0
              }
            ],
            "id": "sg-0f20ed324fd0129f2",
            "ingress": [
              {
                "cidr_blocks": [
                  "0.0.0.0/0"
                ],
                "description": "",
                "from_port": 8080,
                "ipv6_cidr_blocks": [],
                "prefix_list_ids": [],
                "protocol": "tcp",
                "security_groups": [],
                "self": false,
                "to_port": 8080
              }
            ],
            "name": "ecs_service_sg",
            "name_prefix": "",
            "owner_id": "851725314367",
            "revoke_rules_on_delete": false,
            "tags": {},
            "tags_all": {},
            "timeouts": null,
            "vpc_id": "vpc-02fac7ed8107c0af8"
          },
          "sensitive_attributes": [],
          "private": "eyJlMmJmYjczMC1lY2FhLTExZTYtOGY4OC0zNDM2M2JjN2M0YzAiOnsiY3JlYXRlIjo2MDAwMDAwMDAwMDAsImRlbGV0ZSI6OTAwMDAwMDAwMDAwfSwic2NoZW1hX3ZlcnNpb24iOiIxIn0="
        }
      ]
    },
    {
      "mode": "managed",
      "type": "aws_security_group",
      "name": "efs_sg",
      "provider": "provider[\"registry.terraform.io/hashicorp/aws\"]",
      "instances": [
        {
          "schema_version": 1,
          "attributes": {
            "arn": "arn:aws:ec2:us-east-1:851725314367:security-group/sg-074005c83ba3c9aba",
            "description": "Allow ECS tasks to access EFS",
            "egress": [
              {
                "cidr_blocks": [
                  "0.0.0.0/0"
                ],
                "description": "",
                "from_port": 0,
                "ipv6_cidr_blocks": [],
                "prefix_list_ids": [],
                "protocol": "-1",
                "security_groups": [],
                "self": false,
                "to_port": 0
              }
            ],
            "id": "sg-074005c83ba3c9aba",
            "ingress": [
              {
                "cidr_blocks": [],
                "description": "",
                "from_port": 2049,
                "ipv6_cidr_blocks": [],
                "prefix_list_ids": [],
                "protocol": "tcp",
                "security_groups": [
                  "sg-0f20ed324fd0129f2",
                  "sg-0f99a66990d032818"
                ],
                "self": false,
                "to_port": 2049
              }
            ],
            "name": "efs_sg",
            "name_prefix": "",
            "owner_id": "851725314367",
            "revoke_rules_on_delete": false,
            "tags": {},
            "tags_all": {},
            "timeouts": null,
            "vpc_id": "vpc-02fac7ed8107c0af8"
          },
          "sensitive_attributes": [],
          "private": "eyJlMmJmYjczMC1lY2FhLTExZTYtOGY4OC0zNDM2M2JjN2M0YzAiOnsiY3JlYXRlIjo2MDAwMDAwMDAwMDAsImRlbGV0ZSI6OTAwMDAwMDAwMDAwfSwic2NoZW1hX3ZlcnNpb24iOiIxIn0=",
          "dependencies": [
            "aws_security_group.ecs_service"
          ]
        }
      ]
    }
  ],
  "check_results": null
}
